
Microsoft Visual Studio Solution File, Format Version 12.00
# Visual Studio Version 16
VisualStudioVersion = 16.0.29123.89
MinimumVisualStudioVersion = 10.0.40219.1
Project("{A07B5EB6-E848-4116-A8D0-A826331D98C6}") = "TestApplication", "TestApplication\TestApplication.sfproj", "{07B90438-6ECD-421A-9F10-E202D1629883}"
EndProject
Project("{9A19103F-16F7-4668-BE54-9A1E7A4F7556}") = "Stateless1", "Stateless1\Stateless1.csproj", "{C086C059-871F-4EA8-92D0-38EF9D897663}"
EndProject
Project("{9A19103F-16F7-4668-BE54-9A1E7A4F7556}") = "Stateful1", "Stateful1\Stateful1.csproj", "{3CA72113-D46E-495C-ACB0-537A6402196E}"
EndProject
Project("{9A19103F-16F7-4668-BE54-9A1E7A4F7556}") = "Actor1", "Actor1\Actor1.csproj", "{64A1AA2B-010C-4DC3-9099-8D8DC9EB6667}"
EndProject
Project("{9A19103F-16F7-4668-BE54-9A1E7A4F7556}") = "Actor1.Interfaces", "Actor1.Interfaces\Actor1.Interfaces.csproj", "{2A3E1138-0766-4FCD-8609-769380C4E1CC}"
EndProject
Project("{9A19103F-16F7-4668-BE54-9A1E7A4F7556}") = "Web1", "Web1\Web1.csproj", "{DB40E166-B991-4C26-B39B-0F44B6643EAD}"
EndProject
Project("{9A19103F-16F7-4668-BE54-9A1E7A4F7556}") = "Web2", "Web2\Web2.csproj", "{33ABA3B2-6E00-45A7-8A06-35322FE1A03C}"
EndProject
Project("{9A19103F-16F7-4668-BE54-9A1E7A4F7556}") = "ServiceFabricGenericHost", "ServiceFabricGenericHost\ServiceFabricGenericHost.csproj", "{8BB8B1F5-4EEB-419C-B057-5452F210BA1B}"
EndProject
Project("{FAE04EC0-301F-11D3-BF4B-00C04F79EFBC}") = "RawStateless", "RawStateless\RawStateless.csproj", "{ECC07F37-8006-4DBF-BEDD-37804AA1B57D}"
EndProject
Project("{FAE04EC0-301F-11D3-BF4B-00C04F79EFBC}") = "RawStateful", "RawStateful\RawStateful.csproj", "{390E0ACD-95D7-4B0D-885D-19F306ABB05B}"
EndProject
Global
	GlobalSection(SolutionConfigurationPlatforms) = preSolution
		Debug|Any CPU = Debug|Any CPU
		Debug|x64 = Debug|x64
		Release|Any CPU = Release|Any CPU
		Release|x64 = Release|x64
	EndGlobalSection
	GlobalSection(ProjectConfigurationPlatforms) = postSolution
		{07B90438-6ECD-421A-9F10-E202D1629883}.Debug|Any CPU.ActiveCfg = Debug|x64
		{07B90438-6ECD-421A-9F10-E202D1629883}.Debug|x64.ActiveCfg = Debug|x64
		{07B90438-6ECD-421A-9F10-E202D1629883}.Debug|x64.Build.0 = Debug|x64
		{07B90438-6ECD-421A-9F10-E202D1629883}.Debug|x64.Deploy.0 = Debug|x64
		{07B90438-6ECD-421A-9F10-E202D1629883}.Release|Any CPU.ActiveCfg = Release|x64
		{07B90438-6ECD-421A-9F10-E202D1629883}.Release|x64.ActiveCfg = Release|x64
		{07B90438-6ECD-421A-9F10-E202D1629883}.Release|x64.Build.0 = Release|x64
		{07B90438-6ECD-421A-9F10-E202D1629883}.Release|x64.Deploy.0 = Release|x64
		{C086C059-871F-4EA8-92D0-38EF9D897663}.Debug|Any CPU.ActiveCfg = Debug|Any CPU
		{C086C059-871F-4EA8-92D0-38EF9D897663}.Debug|Any CPU.Build.0 = Debug|Any CPU
		{C086C059-871F-4EA8-92D0-38EF9D897663}.Debug|x64.ActiveCfg = Debug|Any CPU
		{C086C059-871F-4EA8-92D0-38EF9D897663}.Debug|x64.Build.0 = Debug|Any CPU
		{C086C059-871F-4EA8-92D0-38EF9D897663}.Release|Any CPU.ActiveCfg = Release|Any CPU
		{C086C059-871F-4EA8-92D0-38EF9D897663}.Release|Any CPU.Build.0 = Release|Any CPU
		{C086C059-871F-4EA8-92D0-38EF9D897663}.Release|x64.ActiveCfg = Release|Any CPU
		{C086C059-871F-4EA8-92D0-38EF9D897663}.Release|x64.Build.0 = Release|Any CPU
		{3CA72113-D46E-495C-ACB0-537A6402196E}.Debug|Any CPU.ActiveCfg = Debug|Any CPU
		{3CA72113-D46E-495C-ACB0-537A6402196E}.Debug|Any CPU.Build.0 = Debug|Any CPU
		{3CA72113-D46E-495C-ACB0-537A6402196E}.Debug|x64.ActiveCfg = Debug|Any CPU
		{3CA72113-D46E-495C-ACB0-537A6402196E}.Debug|x64.Build.0 = Debug|Any CPU
		{3CA72113-D46E-495C-ACB0-537A6402196E}.Release|Any CPU.ActiveCfg = Release|Any CPU
		{3CA72113-D46E-495C-ACB0-537A6402196E}.Release|Any CPU.Build.0 = Release|Any CPU
		{3CA72113-D46E-495C-ACB0-537A6402196E}.Release|x64.ActiveCfg = Release|Any CPU
		{3CA72113-D46E-495C-ACB0-537A6402196E}.Release|x64.Build.0 = Release|Any CPU
		{64A1AA2B-010C-4DC3-9099-8D8DC9EB6667}.Debug|Any CPU.ActiveCfg = Debug|Any CPU
		{64A1AA2B-010C-4DC3-9099-8D8DC9EB6667}.Debug|Any CPU.Build.0 = Debug|Any CPU
		{64A1AA2B-010C-4DC3-9099-8D8DC9EB6667}.Debug|x64.ActiveCfg = Debug|Any CPU
		{64A1AA2B-010C-4DC3-9099-8D8DC9EB6667}.Debug|x64.Build.0 = Debug|Any CPU
		{64A1AA2B-010C-4DC3-9099-8D8DC9EB6667}.Release|Any CPU.ActiveCfg = Release|Any CPU
		{64A1AA2B-010C-4DC3-9099-8D8DC9EB6667}.Release|Any CPU.Build.0 = Release|Any CPU
		{64A1AA2B-010C-4DC3-9099-8D8DC9EB6667}.Release|x64.ActiveCfg = Release|Any CPU
		{64A1AA2B-010C-4DC3-9099-8D8DC9EB6667}.Release|x64.Build.0 = Release|Any CPU
		{2A3E1138-0766-4FCD-8609-769380C4E1CC}.Debug|Any CPU.ActiveCfg = Debug|Any CPU
		{2A3E1138-0766-4FCD-8609-769380C4E1CC}.Debug|Any CPU.Build.0 = Debug|Any CPU
		{2A3E1138-0766-4FCD-8609-769380C4E1CC}.Debug|x64.ActiveCfg = Debug|Any CPU
		{2A3E1138-0766-4FCD-8609-769380C4E1CC}.Debug|x64.Build.0 = Debug|Any CPU
		{2A3E1138-0766-4FCD-8609-769380C4E1CC}.Release|Any CPU.ActiveCfg = Release|Any CPU
		{2A3E1138-0766-4FCD-8609-769380C4E1CC}.Release|Any CPU.Build.0 = Release|Any CPU
		{2A3E1138-0766-4FCD-8609-769380C4E1CC}.Release|x64.ActiveCfg = Release|Any CPU
		{2A3E1138-0766-4FCD-8609-769380C4E1CC}.Release|x64.Build.0 = Release|Any CPU
		{DB40E166-B991-4C26-B39B-0F44B6643EAD}.Debug|Any CPU.ActiveCfg = Debug|Any CPU
		{DB40E166-B991-4C26-B39B-0F44B6643EAD}.Debug|Any CPU.Build.0 = Debug|Any CPU
		{DB40E166-B991-4C26-B39B-0F44B6643EAD}.Debug|x64.ActiveCfg = Debug|Any CPU
		{DB40E166-B991-4C26-B39B-0F44B6643EAD}.Debug|x64.Build.0 = Debug|Any CPU
		{DB40E166-B991-4C26-B39B-0F44B6643EAD}.Release|Any CPU.ActiveCfg = Release|Any CPU
		{DB40E166-B991-4C26-B39B-0F44B6643EAD}.Release|Any CPU.Build.0 = Release|Any CPU
		{DB40E166-B991-4C26-B39B-0F44B6643EAD}.Release|x64.ActiveCfg = Release|Any CPU
		{DB40E166-B991-4C26-B39B-0F44B6643EAD}.Release|x64.Build.0 = Release|Any CPU
		{33ABA3B2-6E00-45A7-8A06-35322FE1A03C}.Debug|Any CPU.ActiveCfg = Debug|Any CPU
		{33ABA3B2-6E00-45A7-8A06-35322FE1A03C}.Debug|Any CPU.Build.0 = Debug|Any CPU
		{33ABA3B2-6E00-45A7-8A06-35322FE1A03C}.Debug|x64.ActiveCfg = Debug|Any CPU
		{33ABA3B2-6E00-45A7-8A06-35322FE1A03C}.Debug|x64.Build.0 = Debug|Any CPU
		{33ABA3B2-6E00-45A7-8A06-35322FE1A03C}.Release|Any CPU.ActiveCfg = Release|Any CPU
		{33ABA3B2-6E00-45A7-8A06-35322FE1A03C}.Release|Any CPU.Build.0 = Release|Any CPU
		{33ABA3B2-6E00-45A7-8A06-35322FE1A03C}.Release|x64.ActiveCfg = Release|Any CPU
		{33ABA3B2-6E00-45A7-8A06-35322FE1A03C}.Release|x64.Build.0 = Release|Any CPU
		{8BB8B1F5-4EEB-419C-B057-5452F210BA1B}.Debug|Any CPU.ActiveCfg = Debug|Any CPU
		{8BB8B1F5-4EEB-419C-B057-5452F210BA1B}.Debug|Any CPU.Build.0 = Debug|Any CPU
		{8BB8B1F5-4EEB-419C-B057-5452F210BA1B}.Debug|x64.ActiveCfg = Debug|Any CPU
		{8BB8B1F5-4EEB-419C-B057-5452F210BA1B}.Debug|x64.Build.0 = Debug|Any CPU
		{8BB8B1F5-4EEB-419C-B057-5452F210BA1B}.Release|Any CPU.ActiveCfg = Release|Any CPU
		{8BB8B1F5-4EEB-419C-B057-5452F210BA1B}.Release|Any CPU.Build.0 = Release|Any CPU
		{8BB8B1F5-4EEB-419C-B057-5452F210BA1B}.Release|x64.ActiveCfg = Release|Any CPU
		{8BB8B1F5-4EEB-419C-B057-5452F210BA1B}.Release|x64.Build.0 = Release|Any CPU
		{ECC07F37-8006-4DBF-BEDD-37804AA1B57D}.Debug|Any CPU.ActiveCfg = Debug|Any CPU
		{ECC07F37-8006-4DBF-BEDD-37804AA1B57D}.Debug|Any CPU.Build.0 = Debug|Any CPU
		{ECC07F37-8006-4DBF-BEDD-37804AA1B57D}.Debug|x64.ActiveCfg = Debug|Any CPU
		{ECC07F37-8006-4DBF-BEDD-37804AA1B57D}.Debug|x64.Build.0 = Debug|Any CPU
		{ECC07F37-8006-4DBF-BEDD-37804AA1B57D}.Release|Any CPU.ActiveCfg = Release|Any CPU
		{ECC07F37-8006-4DBF-BEDD-37804AA1B57D}.Release|Any CPU.Build.0 = Release|Any CPU
		{ECC07F37-8006-4DBF-BEDD-37804AA1B57D}.Release|x64.ActiveCfg = Release|Any CPU
		{ECC07F37-8006-4DBF-BEDD-37804AA1B57D}.Release|x64.Build.0 = Release|Any CPU
		{390E0ACD-95D7-4B0D-885D-19F306ABB05B}.Debug|Any CPU.ActiveCfg = Debug|Any CPU
		{390E0ACD-95D7-4B0D-885D-19F306ABB05B}.Debug|Any CPU.Build.0 = Debug|Any CPU
		{390E0ACD-95D7-4B0D-885D-19F306ABB05B}.Debug|x64.ActiveCfg = Debug|Any CPU
		{390E0ACD-95D7-4B0D-885D-19F306ABB05B}.Debug|x64.Build.0 = Debug|Any CPU
		{390E0ACD-95D7-4B0D-885D-19F306ABB05B}.Release|Any CPU.ActiveCfg = Release|Any CPU
		{390E0ACD-95D7-4B0D-885D-19F306ABB05B}.Release|Any CPU.Build.0 = Release|Any CPU
		{390E0ACD-95D7-4B0D-885D-19F306ABB05B}.Release|x64.ActiveCfg = Release|Any CPU
		{390E0ACD-95D7-4B0D-885D-19F306ABB05B}.Release|x64.Build.0 = Release|Any CPU
	EndGlobalSection
	GlobalSection(SolutionProperties) = preSolution
		HideSolutionNode = FALSE
	EndGlobalSection
	GlobalSection(ExtensibilityGlobals) = postSolution
		SolutionGuid = {96C5976F-5375-4554-8772-B1A6DC90EEE8}
	EndGlobalSection
EndGlobal
